{
    "name": "fulcrum",
    "lockfileVersion": 3,
    "requires": true,
    "packages": {
        "": {
            "name": "fulcrum",
            "workspaces": [
                "apps/*",
                "libs/*"
            ],
            "engines": {
                "node": ">=20"
            }
        }
    }
}
